// !$*UTF8*$!
{
	archiveVersion = 1;
	classes = {
	};
	objectVersion = 46;
	objects = {

/* Begin PBXBuildFile section */
		D77F97621BA873100059F670 /* ComicBook.swift in Sources */ = {isa = PBXBuildFile; fileRef = D77F97611BA873100059F670 /* ComicBook.swift */; };
		D77F97641BA875870059F670 /* BookViewController.swift in Sources */ = {isa = PBXBuildFile; fileRef = D77F97631BA875870059F670 /* BookViewController.swift */; };
		D7FDF7A11BA7112900EFA7CA /* AppDelegate.swift in Sources */ = {isa = PBXBuildFile; fileRef = D7FDF7A01BA7112900EFA7CA /* AppDelegate.swift */; };
		D7FDF7A81BA7112900EFA7CA /* Main.storyboard in Resources */ = {isa = PBXBuildFile; fileRef = D7FDF7A61BA7112900EFA7CA /* Main.storyboard */; };
		D7FDF7AA1BA7112900EFA7CA /* Assets.xcassets in Resources */ = {isa = PBXBuildFile; fileRef = D7FDF7A91BA7112900EFA7CA /* Assets.xcassets */; };
		D7FDF7AD1BA7112900EFA7CA /* LaunchScreen.storyboard in Resources */ = {isa = PBXBuildFile; fileRef = D7FDF7AB1BA7112900EFA7CA /* LaunchScreen.storyboard */; };
/* End PBXBuildFile section */

/* Begin PBXFileReference section */
		D77F97611BA873100059F670 /* ComicBook.swift */ = {isa = PBXFileReference; fileEncoding = 4; lastKnownFileType = sourcecode.swift; path = ComicBook.swift; sourceTree = "<group>"; };
		D77F97631BA875870059F670 /* BookViewController.swift */ = {isa = PBXFileReference; fileEncoding = 4; lastKnownFileType = sourcecode.swift; path = BookViewController.swift; sourceTree = "<group>"; };
		D7FDF79D1BA7112900EFA7CA /* ComicBook.app */ = {isa = PBXFileReference; explicitFileType = wrapper.application; includeInIndex = 0; path = ComicBook.app; sourceTree = BUILT_PRODUCTS_DIR; };
		D7FDF7A01BA7112900EFA7CA /* AppDelegate.swift */ = {isa = PBXFileReference; lastKnownFileType = sourcecode.swift; path = AppDelegate.swift; sourceTree = "<group>"; };
		D7FDF7A71BA7112900EFA7CA /* Base */ = {isa = PBXFileReference; lastKnownFileType = file.storyboard; name = Base; path = Base.lproj/Main.storyboard; sourceTree = "<group>"; };
		D7FDF7A91BA7112900EFA7CA /* Assets.xcassets */ = {isa = PBXFileReference; lastKnownFileType = folder.assetcatalog; path = Assets.xcassets; sourceTree = "<group>"; };
		D7FDF7AC1BA7112900EFA7CA /* Base */ = {isa = PBXFileReference; lastKnownFileType = file.storyboard; name = Base; path = Base.lproj/LaunchScreen.storyboard; sourceTree = "<group>"; };
		D7FDF7AE1BA7112900EFA7CA /* Info.plist */ = {isa = PBXFileReference; lastKnownFileType = text.plist.xml; path = Info.plist; sourceTree = "<group>"; };
/* End PBXFileReference section */

/* Begin PBXFrameworksBuildPhase section */
		D7FDF79A1BA7112900EFA7CA /* Frameworks */ = {
			isa = PBXFrameworksBuildPhase;
			buildActionMask = 2147483647;
			files = (
			);
			runOnlyForDeploymentPostprocessing = 0;
		};
/* End PBXFrameworksBuildPhase section */

/* Begin PBXGroup section */
		D7FDF7941BA7112900EFA7CA = {
			isa = PBXGroup;
			children = (
				D7FDF79F1BA7112900EFA7CA /* ComicBook */,
				D7FDF79E1BA7112900EFA7CA /* Products */,
			);
			sourceTree = "<group>";
		};
		D7FDF79E1BA7112900EFA7CA /* Products */ = {
			isa = PBXGroup;
			children = (
				D7FDF79D1BA7112900EFA7CA /* ComicBook.app */,
			);
			name = Products;
			sourceTree = "<group>";
		};
		D7FDF79F1BA7112900EFA7CA /* ComicBook */ = {
			isa = PBXGroup;
			children = (
				D77F97631BA875870059F670 /* BookViewController.swift */,
				D7FDF7A01BA7112900EFA7CA /* AppDelegate.swift */,
				D7FDF7A61BA7112900EFA7CA /* Main.storyboard */,
				D77F97611BA873100059F670 /* ComicBook.swift */,
				D7FDF7A91BA7112900EFA7CA /* Assets.xcassets */,
				D7FDF7AB1BA7112900EFA7CA /* LaunchScreen.storyboard */,
				D7FDF7AE1BA7112900EFA7CA /* Info.plist */,
			);
			path = ComicBook;
			sourceTree = "<group>";
		};
/* End PBXGroup section */

/* Begin PBXNativeTarget section */
		D7FDF79C1BA7112900EFA7CA /* ComicBook */ = {
			isa = PBXNativeTarget;
			buildConfigurationList = D7FDF7B11BA7112900EFA7CA /* Build configuration list for PBXNativeTarget "ComicBook" */;
			buildPhases = (
				D7FDF7991BA7112900EFA7CA /* Sources */,
				D7FDF79A1BA7112900EFA7CA /* Frameworks */,
				D7FDF79B1BA7112900EFA7CA /* Resources */,
			);
			buildRules = (
			);
			dependencies = (
			);
			name = ComicBook;
			productName = ComicBook;
			productReference = D7FDF79D1BA7112900EFA7CA /* ComicBook.app */;
			productType = "com.apple.product-type.application";
		};
/* End PBXNativeTarget section */

/* Begin PBXProject section */
		D7FDF7951BA7112900EFA7CA /* Project object */ = {
			isa = PBXProject;
			attributes = {
				LastUpgradeCheck = 0700;
				ORGANIZATIONNAME = Nundefined;
				TargetAttributes = {
					D7FDF79C1BA7112900EFA7CA = {
						CreatedOnToolsVersion = 7.0;
					};
				};
			};
			buildConfigurationList = D7FDF7981BA7112900EFA7CA /* Build configuration list for PBXProject "ComicBook" */;
			compatibilityVersion = "Xcode 3.2";
			developmentRegion = English;
			hasScannedForEncodings = 0;
			knownRegions = (
				en,
				Base,
			);
			mainGroup = D7FDF7941BA7112900EFA7CA;
			productRefGroup = D7FDF79E1BA7112900EFA7CA /* Products */;
			projectDirPath = "";
			projectRoot = "";
			targets = (
				D7FDF79C1BA7112900EFA7CA /* ComicBook */,
			);
		};
/* End PBXProject section */

/* Begin PBXResourcesBuildPhase section */
		D7FDF79B1BA7112900EFA7CA /* Resources */ = {
			isa = PBXResourcesBuildPhase;
			buildActionMask = 2147483647;
			files = (
				D7FDF7AD1BA7112900EFA7CA /* LaunchScreen.storyboard in Resources */,
				D7FDF7AA1BA7112900EFA7CA /* Assets.xcassets in Resources */,
				D7FDF7A81BA7112900EFA7CA /* Main.storyboard in Resources */,
			);
			runOnlyForDeploymentPostprocessing = 0;
		};
/* End PBXResourcesBuildPhase section */

/* Begin PBXSourcesBuildPhase section */
		D7FDF7991BA7112900EFA7CA /* Sources */ = {
			isa = PBXSourcesBuildPhase;
			buildActionMask = 2147483647;
			files = (
				D77F97621BA873100059F670 /* ComicBook.swift in Sources */,
				D77F97641BA875870059F670 /* BookViewController.swift in Sources */,
				D7FDF7A11BA7112900EFA7CA /* AppDelegate.swift in Sources */,
			);
			runOnlyForDeploymentPostprocessing = 0;
		};
/* End PBXSourcesBuildPhase section */

/* Begin PBXVariantGroup section */
		D7FDF7A61BA7112900EFA7CA /* Main.storyboard */ = {
			isa = PBXVariantGroup;
			children = (
				D7FDF7A71BA7112900EFA7CA /* Base */,
			);
			name = Main.storyboard;
			sourceTree = "<group>";
		};
		D7FDF7AB1BA7112900EFA7CA /* LaunchScreen.storyboard */ = {
			isa = PBXVariantGroup;
			children = (
				D7FDF7AC1BA7112900EFA7CA /* Base */,
			);
			name = LaunchScreen.storyboard;
			sourceTree = "<group>";
		};
/* End PBXVariantGroup section */

/* Begin XCBuildConfiguration section */
		D7FDF7AF1BA7112900EFA7CA /* Debug */ = {
			isa = XCBuildConfiguration;
			buildSettings = {
				ALWAYS_SEARCH_USER_PATHS = NO;
				CLANG_CXX_LANGUAGE_STANDARD = "gnu++0x";
				CLANG_CXX_LIBRARY = "libc++";
				CLANG_ENABLE_MODULES = YES;
				CLANG_ENABLE_OBJC_ARC = YES;
				CLANG_WARN_BOOL_CONVERSION = YES;
				CLANG_WARN_CONSTANT_CONVERSION = YES;
				CLANG_WARN_DIRECT_OBJC_ISA_USAGE = YES_ERROR;
				CLANG_WARN_EMPTY_BODY = YES;
				CLANG_WARN_ENUM_CONVERSION = YES;
				CLANG_WARN_INT_CONVERSION = YES;
				CLANG_WARN_OBJC_ROOT_CLASS = YES_ERROR;
				CLANG_WARN_UNREACHABLE_CODE = YES;
				CLANG_WARN__DUPLICATE_METHOD_MATCH = YES;
				"CODE_SIGN_IDENTITY[sdk=iphoneos*]" = "iPhone Developer";
				COPY_PHASE_STRIP = NO;
				DEBUG_INFORMATION_FORMAT = dwarf;
				ENABLE_STRICT_OBJC_MSGSEND = YES;
				ENABLE_TESTABILITY = YES;
				GCC_C_LANGUAGE_STANDARD = gnu99;
				GCC_DYNAMIC_NO_PIC = NO;
				GCC_NO_COMMON_BLOCKS = YES;
				GCC_OPTIMIZATION_LEVEL = 0;
				GCC_PREPROCESSOR_DEFINITIONS = (
					"DEBUG=1",
					"$(inherited)",
				);
				GCC_WARN_64_TO_32_BIT_CONVERSION = YES;
				GCC_WARN_ABOUT_RETURN_TYPE = YES_ERROR;
				GCC_WARN_UNDECLARED_SELECTOR = YES;
				GCC_WARN_UNINITIALIZED_AUTOS = YES_AGGRESSIVE;
				GCC_WARN_UNUSED_FUNCTION = YES;
				GCC_WARN_UNUSED_VARIABLE = YES;
				IPHONEOS_DEPLOYMENT_TARGET = 9.0;
				MTL_ENABLE_DEBUG_INFO = YES;
				ONLY_ACTIVE_ARCH = YES;
				SDKROOT = iphoneos;
				SWIFT_OPTIMIZATION_LEVEL = "-Onone";
			};
			name = Debug;
		};
		D7FDF7B01BA7112900EFA7CA /* Release */ = {
			isa = XCBuildConfiguration;
			buildSettings = {
				ALWAYS_SEARCH_USER_PATHS = NO;
				CLANG_CXX_LANGUAGE_STANDARD = "gnu++0x";
				CLANG_CXX_LIBRARY = "libc++";
				CLANG_ENABLE_MODULES = YES;
				CLANG_ENABLE_OBJC_ARC = YES;
				CLANG_WARN_BOOL_CONVERSION = YES;
				CLANG_WARN_CONSTANT_CONVERSION = YES;
				CLANG_WARN_DIRECT_OBJC_ISA_USAGE = YES_ERROR;
				CLANG_WARN_EMPTY_BODY = YES;
				CLANG_WARN_ENUM_CONVERSION = YES;
				CLANG_WARN_INT_CONVERSION = YES;
				CLANG_WARN_OBJC_ROOT_CLASS = YES_ERROR;
				CLANG_WARN_UNREACHABLE_CODE = YES;
				CLANG_WARN__DUPLICATE_METHOD_MATCH = YES;
				"CODE_SIGN_IDENTITY[sdk=iphoneos*]" = "iPhone Developer";
				COPY_PHASE_STRIP = NO;
				DEBUG_INFORMATION_FORMAT = "dwarf-with-dsym";
				ENABLE_NS_ASSERTIONS = NO;
				ENABLE_STRICT_OBJC_MSGSEND = YES;
				GCC_C_LANGUAGE_STANDARD = gnu99;
				GCC_NO_COMMON_BLOCKS = YES;
				GCC_WARN_64_TO_32_BIT_CONVERSION = YES;
				GCC_WARN_ABOUT_RETURN_TYPE = YES_ERROR;
				GCC_WARN_UNDECLARED_SELECTOR = YES;
				GCC_WARN_UNINITIALIZED_AUTOS = YES_AGGRESSIVE;
				GCC_WARN_UNUSED_FUNCTION = YES;
				GCC_WARN_UNUSED_VARIABLE = YES;
				IPHONEOS_DEPLOYMENT_TARGET = 9.0;
				MTL_ENABLE_DEBUG_INFO = NO;
				SDKROOT = iphoneos;
				VALIDATE_PRODUCT = YES;
			};
			name = Release;
		};
		D7FDF7B21BA7112900EFA7CA /* Debug */ = {
			isa = XCBuildConfiguration;
			buildSettings = {
				ASSETCATALOG_COMPILER_APPICON_NAME = AppIcon;
				INFOPLIST_FILE = ComicBook/Info.plist;
				LD_RUNPATH_SEARCH_PATHS = "$(inherited) @executable_path/Frameworks";
				PRODUCT_BUNDLE_IDENTIFIER = com.nundefined.app.ios.ComicBook;
				PRODUCT_NAME = "$(TARGET_NAME)";
			};
			name = Debug;
		};
		D7FDF7B31BA7112900EFA7CA /* Release */ = {
			isa = XCBuildConfiguration;
			buildSettings = {
				ASSETCATALOG_COMPILER_APPICON_NAME = AppIcon;
				INFOPLIST_FILE = ComicBook/Info.plist;
				LD_RUNPATH_SEARCH_PATHS = "$(inherited) @executable_path/Frameworks";
				PRODUCT_BUNDLE_IDENTIFIER = com.nundefined.app.ios.ComicBook;
				PRODUCT_NAME = "$(TARGET_NAME)";
			};
			name = Release;
		};
/* End XCBuildConfiguration section */

/* Begin XCConfigurationList section */
		D7FDF7981BA7112900EFA7CA /* Build configuration list for PBXProject "ComicBook" */ = {
			isa = XCConfigurationList;
			buildConfigurations = (
				D7FDF7AF1BA7112900EFA7CA /* Debug */,
				D7FDF7B01BA7112900EFA7CA /* Release */,
			);
			defaultConfigurationIsVisible = 0;
			defaultConfigurationName = Release;
		};
		D7FDF7B11BA7112900EFA7CA /* Build configuration list for PBXNativeTarget "ComicBook" */ = {
			isa = XCConfigurationList;
			buildConfigurations = (
				D7FDF7B21BA7112900EFA7CA /* Debug */,
				D7FDF7B31BA7112900EFA7CA /* Release */,
			);
			defaultConfigurationIsVisible = 0;
			defaultConfigurationName = Release;
		};
/* End XCConfigurationList section */
	};
	rootObject = D7FDF7951BA7112900EFA7CA /* Project object */;
}
